
Microsoft Visual Studio Solution File, Format Version 12.00
# Visual Studio Version 17
VisualStudioVersion = 17.1.32319.34
MinimumVisualStudioVersion = 10.0.40219.1
Project("{FAE04EC0-301F-11D3-BF4B-00C04F79EFBC}") = "StockQuote", "StockQuote\StockQuote.csproj", "{ADFD0496-8C90-43A3-9BBC-5D63D2290989}"
EndProject
Global
	GlobalSection(SolutionConfigurationPlatforms) = preSolution
		Debug|Any CPU = Debug|Any CPU
		Release|Any CPU = Release|Any CPU
	EndGlobalSection
	GlobalSection(ProjectConfigurationPlatforms) = postSolution
		{ADFD0496-8C90-43A3-9BBC-5D63D2290989}.Debug|Any CPU.ActiveCfg = Debug|Any CPU
		{ADFD0496-8C90-43A3-9BBC-5D63D2290989}.Debug|Any CPU.Build.0 = Debug|Any CPU
		{ADFD0496-8C90-43A3-9BBC-5D63D2290989}.Release|Any CPU.ActiveCfg = Release|Any CPU
		{ADFD0496-8C90-43A3-9BBC-5D63D2290989}.Release|Any CPU.Build.0 = Release|Any CPU
	EndGlobalSection
	GlobalSection(SolutionProperties) = preSolution
		HideSolutionNode = FALSE
	EndGlobalSection
	GlobalSection(ExtensibilityGlobals) = postSolution
		SolutionGuid = {927E6E17-4BB4-4B04-8CD6-F2ECDE590A2D}
	EndGlobalSection
EndGlobal
